
Microsoft Visual Studio Solution File, Format Version 12.00
# Visual Studio Version 17
VisualStudioVersion = 17.0.31903.59
MinimumVisualStudioVersion = 10.0.40219.1
Project("{FAE04EC0-301F-11D3-BF4B-00C04F79EFBC}") = "CS_Lab_1.3", "CS_Lab_1.3.csproj", "{8ED58AC1-EF8A-4CF4-88F4-412D8E0AEE66}"
EndProject
Global
	GlobalSection(SolutionConfigurationPlatforms) = preSolution
		Debug|Any CPU = Debug|Any CPU
		Release|Any CPU = Release|Any CPU
	EndGlobalSection
	GlobalSection(ProjectConfigurationPlatforms) = postSolution
		{8ED58AC1-EF8A-4CF4-88F4-412D8E0AEE66}.Debug|Any CPU.ActiveCfg = Debug|Any CPU
		{8ED58AC1-EF8A-4CF4-88F4-412D8E0AEE66}.Debug|Any CPU.Build.0 = Debug|Any CPU
		{8ED58AC1-EF8A-4CF4-88F4-412D8E0AEE66}.Release|Any CPU.ActiveCfg = Release|Any CPU
		{8ED58AC1-EF8A-4CF4-88F4-412D8E0AEE66}.Release|Any CPU.Build.0 = Release|Any CPU
	EndGlobalSection
	GlobalSection(SolutionProperties) = preSolution
		HideSolutionNode = FALSE
	EndGlobalSection
	GlobalSection(ExtensibilityGlobals) = postSolution
		SolutionGuid = {829474D6-9548-410F-AA98-CC9147A100DB}
	EndGlobalSection
EndGlobal
